{
  "nodes": {
    "arandr": {
      "flake": false,
      "locked": {
        "lastModified": 1696244654,
        "narHash": "sha256-DJqNzbSLxwdblqLLtwqj4ob58FrB0RuaTgf6dfZ2TvA=",
        "owner": "thiagokokada",
        "repo": "arandr",
        "rev": "4723af240be5c8e927bdff187fc611ec5099d8c9",
        "type": "gitlab"
      },
      "original": {
        "owner": "thiagokokada",
        "repo": "arandr",
        "type": "gitlab"
      }
    },
    "disko": {
      "inputs": {
        "nixpkgs": [
          "nixpkgs"
        ]
      },
      "locked": {
        "lastModified": 1704318910,
        "narHash": "sha256-wOIJwAsnZhM0NlFRwYJRgO4Lldh8j9viyzwQXtrbNtM=",
        "owner": "nix-community",
        "repo": "disko",
        "rev": "aef9a509db64a081186af2dc185654d78dc8e344",
        "type": "github"
      },
      "original": {
        "owner": "nix-community",
        "ref": "v1.3.0",
        "repo": "disko",
        "type": "github"
      }
    },
    "doomemacs": {
      "flake": false,
      "locked": {
        "lastModified": 1709947296,
        "narHash": "sha256-3G9t/5OjSnqhjoDbRPTfT0snOJIWRNpqsMugQUt2ljI=",
        "owner": "doomemacs",
        "repo": "doomemacs",
        "rev": "d657be1744a1481dc4646d0b62d5ee1d3e75d1d8",
        "type": "github"
      },
      "original": {
        "owner": "doomemacs",
        "repo": "doomemacs",
        "type": "github"
      }
    },
    "flake-compat": {
      "locked": {
        "lastModified": 1696426674,
        "narHash": "sha256-kvjfFW7WAETZlt09AgDn1MrtKzP7t90Vf7vypd3OL1U=",
        "owner": "edolstra",
        "repo": "flake-compat",
        "rev": "0f9255e01c2351cc7d116c072cb317785dd33b33",
        "type": "github"
      },
      "original": {
        "owner": "edolstra",
        "repo": "flake-compat",
        "type": "github"
      }
    },
    "flake-parts": {
      "inputs": {
        "nixpkgs-lib": [
          "nixpkgs"
        ]
      },
      "locked": {
        "lastModified": 1709336216,
        "narHash": "sha256-Dt/wOWeW6Sqm11Yh+2+t0dfEWxoMxGBvv3JpIocFl9E=",
        "owner": "hercules-ci",
        "repo": "flake-parts",
        "rev": "f7b3c975cf067e56e7cda6cb098ebe3fb4d74ca2",
        "type": "github"
      },
      "original": {
        "owner": "hercules-ci",
        "repo": "flake-parts",
        "type": "github"
      }
    },
    "flake-parts_2": {
      "inputs": {
        "nixpkgs-lib": [
          "neovim-nightly-overlay",
          "hercules-ci-effects",
          "nixpkgs"
        ]
      },
      "locked": {
        "lastModified": 1701473968,
        "narHash": "sha256-YcVE5emp1qQ8ieHUnxt1wCZCC3ZfAS+SRRWZ2TMda7E=",
        "owner": "hercules-ci",
        "repo": "flake-parts",
        "rev": "34fed993f1674c8d06d58b37ce1e0fe5eebcb9f5",
        "type": "github"
      },
      "original": {
        "id": "flake-parts",
        "type": "indirect"
      }
    },
    "flake-utils": {
      "inputs": {
        "systems": "systems"
      },
      "locked": {
        "lastModified": 1709126324,
        "narHash": "sha256-q6EQdSeUZOG26WelxqkmR7kArjgWCdw5sfJVHPH/7j8=",
        "owner": "numtide",
        "repo": "flake-utils",
        "rev": "d465f4819400de7c8d874d50b982301f28a84605",
        "type": "github"
      },
      "original": {
        "owner": "numtide",
        "repo": "flake-utils",
        "type": "github"
      }
    },
    "flake-utils_2": {
      "inputs": {
        "systems": "systems_2"
      },
      "locked": {
        "lastModified": 1701680307,
        "narHash": "sha256-kAuep2h5ajznlPMD9rnQyffWG8EM/C73lejGofXvdM8=",
        "owner": "numtide",
        "repo": "flake-utils",
        "rev": "4022d587cbbfd70fe950c1e2083a02621806a725",
        "type": "github"
      },
      "original": {
        "owner": "numtide",
        "repo": "flake-utils",
        "type": "github"
      }
    },
    "hardware": {
      "locked": {
        "lastModified": 1709410583,
        "narHash": "sha256-esOSUoQ7mblwcsSea0K17McZuwAIjoS6dq/4b83+lvw=",
        "owner": "NixOS",
        "repo": "nixos-hardware",
        "rev": "59e37017b9ed31dee303dbbd4531c594df95cfbc",
        "type": "github"
      },
      "original": {
        "owner": "NixOS",
        "repo": "nixos-hardware",
        "type": "github"
      }
    },
    "hercules-ci-effects": {
      "inputs": {
        "flake-parts": "flake-parts_2",
        "nixpkgs": [
          "neovim-nightly-overlay",
          "nixpkgs"
        ]
      },
      "locked": {
        "lastModified": 1708547820,
        "narHash": "sha256-xU/KC1PWqq5zL9dQ9wYhcdgxAwdeF/dJCLPH3PNZEBg=",
        "owner": "hercules-ci",
        "repo": "hercules-ci-effects",
        "rev": "0ca27bd58e4d5be3135a4bef66b582e57abe8f4a",
        "type": "github"
      },
      "original": {
        "owner": "hercules-ci",
        "repo": "hercules-ci-effects",
        "type": "github"
      }
    },
    "home-manager": {
      "inputs": {
        "nixpkgs": [
          "nixpkgs"
        ]
      },
      "locked": {
        "lastModified": 1709938482,
        "narHash": "sha256-2Vw2WOFmEXWQH8ziFNOr0U48Guh5FacuD6BOEIcE99s=",
        "owner": "nix-community",
        "repo": "home-manager",
        "rev": "17431970b4ebc75a92657101ccffcfc9e1f9d8f0",
        "type": "github"
      },
      "original": {
        "owner": "nix-community",
        "repo": "home-manager",
        "type": "github"
      }
    },
    "intellimacs": {
      "flake": false,
      "locked": {
        "lastModified": 1699187160,
        "narHash": "sha256-M7XJ8EBMUg698Q8hhPXPHxEoZhm/bieDKxRbmq9Zqco=",
        "owner": "MarcoIeni",
        "repo": "intellimacs",
        "rev": "f1e78859c902bdf2d95e35683de1e985ad987f52",
        "type": "github"
      },
      "original": {
        "owner": "MarcoIeni",
        "repo": "intellimacs",
        "type": "github"
      }
    },
    "neovim-flake": {
      "inputs": {
        "flake-utils": "flake-utils_2",
        "nixpkgs": [
          "neovim-nightly-overlay",
          "nixpkgs"
        ]
      },
      "locked": {
        "dir": "contrib",
        "lastModified": 1709934546,
        "narHash": "sha256-S24CAQvkeivCFM6tK4D10AEyjsMgE07XVgLIkrh6Ljc=",
        "owner": "neovim",
        "repo": "neovim",
        "rev": "a69c72063994f8e9064b6d9c9f280120423897b8",
        "type": "github"
      },
      "original": {
        "dir": "contrib",
        "owner": "neovim",
        "repo": "neovim",
        "type": "github"
      }
    },
    "neovim-nightly-overlay": {
      "inputs": {
        "flake-compat": [
          "flake-compat"
        ],
        "flake-parts": [
          "flake-parts"
        ],
        "hercules-ci-effects": "hercules-ci-effects",
        "neovim-flake": "neovim-flake",
        "nixpkgs": [
          "nixpkgs"
        ]
      },
      "locked": {
        "lastModified": 1709942621,
        "narHash": "sha256-8VHrHzAOR1N8VxJm4i4D1EoNHhN1gfVOUOUidxMGZZI=",
        "owner": "nix-community",
        "repo": "neovim-nightly-overlay",
        "rev": "055a08233a86e7fe538db9d42fe5a92340e8de92",
        "type": "github"
      },
      "original": {
        "owner": "nix-community",
        "repo": "neovim-nightly-overlay",
        "type": "github"
      }
    },
    "nix-alien": {
      "inputs": {
        "flake-compat": [
          "flake-compat"
        ],
        "flake-utils": [
          "flake-utils"
        ],
        "nix-filter": "nix-filter",
        "nix-index-database": "nix-index-database",
        "nixpkgs": [
          "nix-alien",
          "nix-index-database",
          "nixpkgs"
        ]
      },
      "locked": {
        "lastModified": 1707986999,
        "narHash": "sha256-uPCdmwnf2vcfKMxHvD8Hhs1o2yqfnK8Xz6oM7Urvspk=",
        "owner": "thiagokokada",
        "repo": "nix-alien",
        "rev": "d6f007b3cab6cd16e50a0041c542a18793357737",
        "type": "github"
      },
      "original": {
        "owner": "thiagokokada",
        "repo": "nix-alien",
        "type": "github"
      }
    },
    "nix-filter": {
      "locked": {
        "lastModified": 1705332318,
        "narHash": "sha256-kcw1yFeJe9N4PjQji9ZeX47jg0p9A0DuU4djKvg1a7I=",
        "owner": "numtide",
        "repo": "nix-filter",
        "rev": "3449dc925982ad46246cfc36469baf66e1b64f17",
        "type": "github"
      },
      "original": {
        "owner": "numtide",
        "repo": "nix-filter",
        "type": "github"
      }
    },
    "nix-gaming": {
      "inputs": {
        "flake-parts": [
          "flake-parts"
        ],
        "nixpkgs": [
          "nixpkgs"
        ]
      },
      "locked": {
        "lastModified": 1709428394,
        "narHash": "sha256-WIDKofwDWFLHtk14MdBiRiM8Lxn+OByHYtybjSU/18Q=",
        "owner": "fufexan",
        "repo": "nix-gaming",
        "rev": "1f3fa3b398051c815e8500d4c4fe794ecfdee328",
        "type": "github"
      },
      "original": {
        "owner": "fufexan",
        "repo": "nix-gaming",
        "type": "github"
      }
    },
    "nix-index-database": {
      "inputs": {
        "nixpkgs": "nixpkgs"
      },
      "locked": {
        "lastModified": 1707620986,
        "narHash": "sha256-XE0tCSkSVBeJDWhjFwusNInwAhrnp+TloUNUpvnTiLw=",
        "owner": "nix-community",
        "repo": "nix-index-database",
        "rev": "0cb4345704123492e6d1f1068629069413c80de0",
        "type": "github"
      },
      "original": {
        "owner": "nix-community",
        "repo": "nix-index-database",
        "type": "github"
      }
    },
    "nixgl": {
      "inputs": {
        "flake-utils": [
          "flake-utils"
        ],
        "nixpkgs": [
          "nixpkgs"
        ]
      },
      "locked": {
        "lastModified": 1685908677,
        "narHash": "sha256-E4zUPEUFyVWjVm45zICaHRpfGepfkE9Z2OECV9HXfA4=",
        "owner": "nix-community",
        "repo": "nixGL",
        "rev": "489d6b095ab9d289fe11af0219a9ff00fe87c7c5",
        "type": "github"
      },
      "original": {
        "owner": "nix-community",
        "repo": "nixGL",
        "type": "github"
      }
    },
    "nixpkgs": {
      "locked": {
        "lastModified": 1707268954,
        "narHash": "sha256-2en1kvde3cJVc3ZnTy8QeD2oKcseLFjYPLKhIGDanQ0=",
        "owner": "nixos",
        "repo": "nixpkgs",
        "rev": "f8e2ebd66d097614d51a56a755450d4ae1632df1",
        "type": "github"
      },
      "original": {
        "owner": "nixos",
        "ref": "nixos-unstable",
        "repo": "nixpkgs",
        "type": "github"
      }
    },
    "nixpkgs_2": {
      "locked": {
        "lastModified": 1709703039,
        "narHash": "sha256-6hqgQ8OK6gsMu1VtcGKBxKQInRLHtzulDo9Z5jxHEFY=",
        "owner": "NixOS",
        "repo": "nixpkgs",
        "rev": "9df3e30ce24fd28c7b3e2de0d986769db5d6225d",
        "type": "github"
      },
      "original": {
        "owner": "NixOS",
        "ref": "nixos-unstable",
        "repo": "nixpkgs",
        "type": "github"
      }
    },
    "nnn-plugins": {
      "flake": false,
      "locked": {
        "lastModified": 1709661705,
        "narHash": "sha256-1AgOzmnEPnycYf/YbPvcHV1O+vGlcddHCoIkgpbcbv0=",
        "owner": "jarun",
        "repo": "nnn",
        "rev": "5456ba458292e4a8ab3c822e116bcbee77dbf103",
        "type": "github"
      },
      "original": {
        "owner": "jarun",
        "repo": "nnn",
        "type": "github"
      }
    },
    "pure": {
      "flake": false,
      "locked": {
        "lastModified": 1709132273,
        "narHash": "sha256-BmQO4xqd/3QnpLUitD2obVxL0UulpboT8jGNEh4ri8k=",
        "owner": "sindresorhus",
        "repo": "pure",
        "rev": "a02209d36c8509c0e62f44324127632999c9c0cf",
        "type": "github"
      },
      "original": {
        "owner": "sindresorhus",
        "repo": "pure",
        "type": "github"
      }
    },
    "root": {
      "inputs": {
        "arandr": "arandr",
        "disko": "disko",
        "doomemacs": "doomemacs",
        "flake-compat": "flake-compat",
        "flake-parts": "flake-parts",
        "flake-utils": "flake-utils",
        "hardware": "hardware",
        "home-manager": "home-manager",
        "intellimacs": "intellimacs",
        "neovim-nightly-overlay": "neovim-nightly-overlay",
        "nix-alien": "nix-alien",
        "nix-gaming": "nix-gaming",
        "nix-index-database": [
          "nix-alien",
          "nix-index-database"
        ],
        "nixgl": "nixgl",
        "nixpkgs": "nixpkgs_2",
        "nnn-plugins": "nnn-plugins",
        "pure": "pure",
        "twenty-twenty-twenty": "twenty-twenty-twenty",
        "zim-completion": "zim-completion",
        "zim-environment": "zim-environment",
        "zim-input": "zim-input",
        "zim-ssh": "zim-ssh",
        "zim-utility": "zim-utility",
        "zsh-autopair": "zsh-autopair",
        "zsh-completions": "zsh-completions",
        "zsh-syntax-highlighting": "zsh-syntax-highlighting"
      }
    },
    "systems": {
      "locked": {
        "lastModified": 1681028828,
        "narHash": "sha256-Vy1rq5AaRuLzOxct8nz4T6wlgyUR7zLU309k9mBC768=",
        "owner": "nix-systems",
        "repo": "default",
        "rev": "da67096a3b9bf56a91d16901293e51ba5b49a27e",
        "type": "github"
      },
      "original": {
        "owner": "nix-systems",
        "repo": "default",
        "type": "github"
      }
    },
    "systems_2": {
      "locked": {
        "lastModified": 1681028828,
        "narHash": "sha256-Vy1rq5AaRuLzOxct8nz4T6wlgyUR7zLU309k9mBC768=",
        "owner": "nix-systems",
        "repo": "default",
        "rev": "da67096a3b9bf56a91d16901293e51ba5b49a27e",
        "type": "github"
      },
      "original": {
        "owner": "nix-systems",
        "repo": "default",
        "type": "github"
      }
    },
    "twenty-twenty-twenty": {
      "inputs": {
        "flake-compat": [
          "flake-compat"
        ],
        "nixpkgs": [
          "nixpkgs"
        ]
      },
      "locked": {
        "lastModified": 1709657994,
        "narHash": "sha256-0R+6F7EUKcNUMp15URl0ScAgetOjRRYIHZOfXAeWlCg=",
        "owner": "thiagokokada",
        "repo": "twenty-twenty-twenty",
        "rev": "501bc266e082cf1e3af3ca714230521dcfbba00b",
        "type": "github"
      },
      "original": {
        "owner": "thiagokokada",
        "repo": "twenty-twenty-twenty",
        "type": "github"
      }
    },
    "zim-completion": {
      "flake": false,
      "locked": {
        "lastModified": 1678231634,
        "narHash": "sha256-k+MO31FuQ+W5RYJ0HgKmqvlzdGz1zkuWUf7l+WP5tbg=",
        "owner": "zimfw",
        "repo": "completion",
        "rev": "e544206fae7d08a9853a9dc34af2f840ed5753e4",
        "type": "github"
      },
      "original": {
        "owner": "zimfw",
        "repo": "completion",
        "type": "github"
      }
    },
    "zim-environment": {
      "flake": false,
      "locked": {
        "lastModified": 1638276188,
        "narHash": "sha256-B8Cki4uCcSce0xewZ91P9wCpA5+x/AlT1IwC+HVs6OI=",
        "owner": "zimfw",
        "repo": "environment",
        "rev": "d4bceaa3da89cd819843334dba1a5bf7dc137e14",
        "type": "github"
      },
      "original": {
        "owner": "zimfw",
        "repo": "environment",
        "type": "github"
      }
    },
    "zim-input": {
      "flake": false,
      "locked": {
        "lastModified": 1691680655,
        "narHash": "sha256-alS02tiio5hfNviAdJ/uOhoNs4ESr7+dxLaJIY4Os3A=",
        "owner": "zimfw",
        "repo": "input",
        "rev": "b2a8a80071dc781dd1b075a5161d2a0225140916",
        "type": "github"
      },
      "original": {
        "owner": "zimfw",
        "repo": "input",
        "type": "github"
      }
    },
    "zim-ssh": {
      "flake": false,
      "locked": {
        "lastModified": 1621618839,
        "narHash": "sha256-HkrNRhH8DeBRJbzfLxKTnX0q85xzVqOsGVK68rGcbcc=",
        "owner": "zimfw",
        "repo": "ssh",
        "rev": "c337b6cc0078058b85b5c7f050ec9edea1507db1",
        "type": "github"
      },
      "original": {
        "owner": "zimfw",
        "repo": "ssh",
        "type": "github"
      }
    },
    "zim-utility": {
      "flake": false,
      "locked": {
        "lastModified": 1702160851,
        "narHash": "sha256-5p2SlB7OuycvDV7c/mCr5ddUw+npZfCD+LfMeyBeGtE=",
        "owner": "zimfw",
        "repo": "utility",
        "rev": "6b74db5656509e5fe657901a9f0f52b6c7499904",
        "type": "github"
      },
      "original": {
        "owner": "zimfw",
        "repo": "utility",
        "type": "github"
      }
    },
    "zsh-autopair": {
      "flake": false,
      "locked": {
        "lastModified": 1709947643,
        "narHash": "sha256-Y7fkpvCOC/lC2CHYui+6vOdNO8dNHGrVYTGGNf9qgdg=",
        "owner": "hlissner",
        "repo": "zsh-autopair",
        "rev": "2ec3fd3c9b950c01dbffbb2a4d191e1d34b8c58a",
        "type": "github"
      },
      "original": {
        "owner": "hlissner",
        "repo": "zsh-autopair",
        "type": "github"
      }
    },
    "zsh-completions": {
      "flake": false,
      "locked": {
        "lastModified": 1707297631,
        "narHash": "sha256-8qgANoYAvTlAnyKcOfHATEAWvvPzztIcRVmTHWcEM5c=",
        "owner": "zsh-users",
        "repo": "zsh-completions",
        "rev": "507f1f8715edd9f1f403c140fa332644d81ebab5",
        "type": "github"
      },
      "original": {
        "owner": "zsh-users",
        "repo": "zsh-completions",
        "type": "github"
      }
    },
    "zsh-syntax-highlighting": {
      "flake": false,
      "locked": {
        "lastModified": 1704566212,
        "narHash": "sha256-4rW2N+ankAH4sA6Sa5mr9IKsdAg7WTgrmyqJ2V1vygQ=",
        "owner": "zsh-users",
        "repo": "zsh-syntax-highlighting",
        "rev": "e0165eaa730dd0fa321a6a6de74f092fe87630b0",
        "type": "github"
      },
      "original": {
        "owner": "zsh-users",
        "repo": "zsh-syntax-highlighting",
        "type": "github"
      }
    }
  },
  "root": "root",
  "version": 7
}
